
Microsoft Visual Studio Solution File, Format Version 12.00
# Visual Studio 15
VisualStudioVersion = 15.0.26124.0
MinimumVisualStudioVersion = 15.0.26124.0
Project("{FAE04EC0-301F-11D3-BF4B-00C04F79EFBC}") = "GameTOP", "GameTOP\GameTOP.csproj", "{C6E7E139-D7DB-422D-A6D1-D4CC4A14345F}"
EndProject
Project("{FAE04EC0-301F-11D3-BF4B-00C04F79EFBC}") = "GameTOP.lib", "GameTOP.Lib\GameTOP.lib.csproj", "{D6E84C87-C15C-4586-929C-B9830F85DAED}"
EndProject
Project("{FAE04EC0-301F-11D3-BF4B-00C04F79EFBC}") = "GameTOP.Interface", "GameTOP.Interface\GameTOP.Interface.csproj", "{1B79244E-E651-4D1B-9C78-C1762B11420C}"
EndProject
Global
	GlobalSection(SolutionConfigurationPlatforms) = preSolution
		Debug|Any CPU = Debug|Any CPU
		Debug|x64 = Debug|x64
		Debug|x86 = Debug|x86
		Release|Any CPU = Release|Any CPU
		Release|x64 = Release|x64
		Release|x86 = Release|x86
	EndGlobalSection
	GlobalSection(SolutionProperties) = preSolution
		HideSolutionNode = FALSE
	EndGlobalSection
	GlobalSection(ProjectConfigurationPlatforms) = postSolution
		{C6E7E139-D7DB-422D-A6D1-D4CC4A14345F}.Debug|Any CPU.ActiveCfg = Debug|Any CPU
		{C6E7E139-D7DB-422D-A6D1-D4CC4A14345F}.Debug|Any CPU.Build.0 = Debug|Any CPU
		{C6E7E139-D7DB-422D-A6D1-D4CC4A14345F}.Debug|x64.ActiveCfg = Debug|Any CPU
		{C6E7E139-D7DB-422D-A6D1-D4CC4A14345F}.Debug|x64.Build.0 = Debug|Any CPU
		{C6E7E139-D7DB-422D-A6D1-D4CC4A14345F}.Debug|x86.ActiveCfg = Debug|Any CPU
		{C6E7E139-D7DB-422D-A6D1-D4CC4A14345F}.Debug|x86.Build.0 = Debug|Any CPU
		{C6E7E139-D7DB-422D-A6D1-D4CC4A14345F}.Release|Any CPU.ActiveCfg = Release|Any CPU
		{C6E7E139-D7DB-422D-A6D1-D4CC4A14345F}.Release|Any CPU.Build.0 = Release|Any CPU
		{C6E7E139-D7DB-422D-A6D1-D4CC4A14345F}.Release|x64.ActiveCfg = Release|Any CPU
		{C6E7E139-D7DB-422D-A6D1-D4CC4A14345F}.Release|x64.Build.0 = Release|Any CPU
		{C6E7E139-D7DB-422D-A6D1-D4CC4A14345F}.Release|x86.ActiveCfg = Release|Any CPU
		{C6E7E139-D7DB-422D-A6D1-D4CC4A14345F}.Release|x86.Build.0 = Release|Any CPU
		{D6E84C87-C15C-4586-929C-B9830F85DAED}.Debug|Any CPU.ActiveCfg = Debug|Any CPU
		{D6E84C87-C15C-4586-929C-B9830F85DAED}.Debug|Any CPU.Build.0 = Debug|Any CPU
		{D6E84C87-C15C-4586-929C-B9830F85DAED}.Debug|x64.ActiveCfg = Debug|Any CPU
		{D6E84C87-C15C-4586-929C-B9830F85DAED}.Debug|x64.Build.0 = Debug|Any CPU
		{D6E84C87-C15C-4586-929C-B9830F85DAED}.Debug|x86.ActiveCfg = Debug|Any CPU
		{D6E84C87-C15C-4586-929C-B9830F85DAED}.Debug|x86.Build.0 = Debug|Any CPU
		{D6E84C87-C15C-4586-929C-B9830F85DAED}.Release|Any CPU.ActiveCfg = Release|Any CPU
		{D6E84C87-C15C-4586-929C-B9830F85DAED}.Release|Any CPU.Build.0 = Release|Any CPU
		{D6E84C87-C15C-4586-929C-B9830F85DAED}.Release|x64.ActiveCfg = Release|Any CPU
		{D6E84C87-C15C-4586-929C-B9830F85DAED}.Release|x64.Build.0 = Release|Any CPU
		{D6E84C87-C15C-4586-929C-B9830F85DAED}.Release|x86.ActiveCfg = Release|Any CPU
		{D6E84C87-C15C-4586-929C-B9830F85DAED}.Release|x86.Build.0 = Release|Any CPU
		{1B79244E-E651-4D1B-9C78-C1762B11420C}.Debug|Any CPU.ActiveCfg = Debug|Any CPU
		{1B79244E-E651-4D1B-9C78-C1762B11420C}.Debug|Any CPU.Build.0 = Debug|Any CPU
		{1B79244E-E651-4D1B-9C78-C1762B11420C}.Debug|x64.ActiveCfg = Debug|Any CPU
		{1B79244E-E651-4D1B-9C78-C1762B11420C}.Debug|x64.Build.0 = Debug|Any CPU
		{1B79244E-E651-4D1B-9C78-C1762B11420C}.Debug|x86.ActiveCfg = Debug|Any CPU
		{1B79244E-E651-4D1B-9C78-C1762B11420C}.Debug|x86.Build.0 = Debug|Any CPU
		{1B79244E-E651-4D1B-9C78-C1762B11420C}.Release|Any CPU.ActiveCfg = Release|Any CPU
		{1B79244E-E651-4D1B-9C78-C1762B11420C}.Release|Any CPU.Build.0 = Release|Any CPU
		{1B79244E-E651-4D1B-9C78-C1762B11420C}.Release|x64.ActiveCfg = Release|Any CPU
		{1B79244E-E651-4D1B-9C78-C1762B11420C}.Release|x64.Build.0 = Release|Any CPU
		{1B79244E-E651-4D1B-9C78-C1762B11420C}.Release|x86.ActiveCfg = Release|Any CPU
		{1B79244E-E651-4D1B-9C78-C1762B11420C}.Release|x86.Build.0 = Release|Any CPU
	EndGlobalSection
EndGlobal
